{
	"name": "rtainjapan-layouts-streamdeck",
	"version": "0.1.0",
	"lockfileVersion": 3,
	"requires": true,
	"packages": {
		"": {
			"name": "rtainjapan-layouts-streamdeck",
			"version": "0.1.0",
			"dependencies": {
				"@elgato/streamdeck": "^2.1.0",
				"socket.io-client": "^4.8.3"
			},
			"devDependencies": {
				"@rollup/plugin-commonjs": "^29.0.3",
				"@rollup/plugin-json": "^6.1.0",
				"@rollup/plugin-node-resolve": "^16.0.3",
				"@rollup/plugin-typescript": "^12.3.0",
				"@types/node": "^25.9.3",
				"rollup": "^4.62.0",
				"tslib": "^2.8.1",
				"typescript": "^6.0.3"
			}
		},
		"node_modules/@elgato/schemas": {
			"version": "0.4.15",
			"resolved": "https://registry.npmjs.org/@elgato/schemas/-/schemas-0.4.15.tgz",
			"integrity": "sha512-UpELAqazf52PFer+hqg/hvEhYoPHCH3R0af6P7Ih3Hk6xCCJENn7cA5TIpXAIGEWe6dIteHuo/e/iPGLUP7yXA==",
			"license": "MIT"
		},
		"node_modules/@elgato/streamdeck": {
			"version": "2.1.0",
			"resolved": "https://registry.npmjs.org/@elgato/streamdeck/-/streamdeck-2.1.0.tgz",
			"integrity": "sha512-d6wgSe93NbKAW0yT6/rabGCYUWic6nAoQoSLAXVadqTIUVmt+5Tfu7OaIGKnGER6AOn6dOpX6havRLFFFcUmOw==",
			"license": "MIT",
			"dependencies": {
				"@elgato/schemas": "^0.4.14",
				"@elgato/utils": "^0.4.4",
				"ws": "^8.19.0"
			},
			"engines": {
				"node": ">=20.5.1"
			}
		},
		"node_modules/@elgato/utils": {
			"version": "0.4.5",
			"resolved": "https://registry.npmjs.org/@elgato/utils/-/utils-0.4.5.tgz",
			"integrity": "sha512-kBoqM8LEhhVLv7lNftYqaecNna3T/L85QQWU56yR1iFCvqlyyD22WmBljRcQkw5ZNvib55Br3cnrsxX3ajp+dQ==",
			"license": "MIT",
			"dependencies": {
				"zod": "^3.25.24"
			}
		},
		"node_modules/@jridgewell/sourcemap-codec": {
			"version": "1.5.5",
			"resolved": "https://registry.npmjs.org/@jridgewell/sourcemap-codec/-/sourcemap-codec-1.5.5.tgz",
			"integrity": "sha512-cYQ9310grqxueWbl+WuIUIaiUaDcj7WOq5fVhEljNVgRfOUhY9fy2zTvfoqWsnebh8Sl70VScFbICvJnLKB0Og==",
			"dev": true,
			"license": "MIT"
		},
		"node_modules/@rollup/plugin-commonjs": {
			"version": "29.0.3",
			"resolved": "https://registry.npmjs.org/@rollup/plugin-commonjs/-/plugin-commonjs-29.0.3.tgz",
			"integrity": "sha512-ZaOxZceP7SOUW7Lqw5IRVweSQYWaeIPnXIGLiB690EBA3FGJTO40EEr2L5yZplJWsgTCogILRSpcAe7+U0Otdg==",
			"dev": true,
			"license": "MIT",
			"dependencies": {
				"@rollup/pluginutils": "^5.0.1",
				"commondir": "^1.0.1",
				"estree-walker": "^2.0.2",
				"fdir": "^6.2.0",
				"is-reference": "1.2.1",
				"magic-string": "^0.30.3",
				"picomatch": "^4.0.2"
			},
			"engines": {
				"node": ">=16.0.0 || 14 >= 14.17"
			},
			"peerDependencies": {
				"rollup": "^2.68.0||^3.0.0||^4.0.0"
			},
			"peerDependenciesMeta": {
				"rollup": {
					"optional": true
				}
			}
		},
		"node_modules/@rollup/plugin-json": {
			"version": "6.1.0",
			"resolved": "https://registry.npmjs.org/@rollup/plugin-json/-/plugin-json-6.1.0.tgz",
			"integrity": "sha512-EGI2te5ENk1coGeADSIwZ7G2Q8CJS2sF120T7jLw4xFw9n7wIOXHo+kIYRAoVpJAN+kmqZSoO3Fp4JtoNF4ReA==",
			"dev": true,
			"license": "MIT",
			"dependencies": {
				"@rollup/pluginutils": "^5.1.0"
			},
			"engines": {
				"node": ">=14.0.0"
			},
			"peerDependencies": {
				"rollup": "^1.20.0||^2.0.0||^3.0.0||^4.0.0"
			},
			"peerDependenciesMeta": {
				"rollup": {
					"optional": true
				}
			}
		},
		"node_modules/@rollup/plugin-node-resolve": {
			"version": "16.0.3",
			"resolved": "https://registry.npmjs.org/@rollup/plugin-node-resolve/-/plugin-node-resolve-16.0.3.tgz",
			"integrity": "sha512-lUYM3UBGuM93CnMPG1YocWu7X802BrNF3jW2zny5gQyLQgRFJhV1Sq0Zi74+dh/6NBx1DxFC4b4GXg9wUCG5Qg==",
			"dev": true,
			"license": "MIT",
			"dependencies": {
				"@rollup/pluginutils": "^5.0.1",
				"@types/resolve": "1.20.2",
				"deepmerge": "^4.2.2",
				"is-module": "^1.0.0",
				"resolve": "^1.22.1"
			},
			"engines": {
				"node": ">=14.0.0"
			},
			"peerDependencies": {
				"rollup": "^2.78.0||^3.0.0||^4.0.0"
			},
			"peerDependenciesMeta": {
				"rollup": {
					"optional": true
				}
			}
		},
		"node_modules/@rollup/plugin-typescript": {
			"version": "12.3.0",
			"resolved": "https://registry.npmjs.org/@rollup/plugin-typescript/-/plugin-typescript-12.3.0.tgz",
			"integrity": "sha512-7DP0/p7y3t67+NabT9f8oTBFE6gGkto4SA6Np2oudYmZE/m1dt8RB0SjL1msMxFpLo631qjRCcBlAbq1ml/Big==",
			"dev": true,
			"license": "MIT",
			"dependencies": {
				"@rollup/pluginutils": "^5.1.0",
				"resolve": "^1.22.1"
			},
			"engines": {
				"node": ">=14.0.0"
			},
			"peerDependencies": {
				"rollup": "^2.14.0||^3.0.0||^4.0.0",
				"tslib": "*",
				"typescript": ">=3.7.0"
			},
			"peerDependenciesMeta": {
				"rollup": {
					"optional": true
				},
				"tslib": {
					"optional": true
				}
			}
		},
		"node_modules/@rollup/pluginutils": {
			"version": "5.4.0",
			"resolved": "https://registry.npmjs.org/@rollup/pluginutils/-/pluginutils-5.4.0.tgz",
			"integrity": "sha512-MfPp06CjRLfXQ3wY0R8vJDYBy/MvVcc9OulEfR0B8Iv9ko+GCNaRZ+EpJYFl27LhKsZK0o420sYCRHCjfCgeUg==",
			"dev": true,
			"license": "MIT",
			"dependencies": {
				"@types/estree": "^1.0.0",
				"estree-walker": "^2.0.2",
				"picomatch": "^4.0.2"
			},
			"engines": {
				"node": ">=14.0.0"
			},
			"peerDependencies": {
				"rollup": "^1.20.0||^2.0.0||^3.0.0||^4.0.0"
			},
			"peerDependenciesMeta": {
				"rollup": {
					"optional": true
				}
			}
		},
		"node_modules/@rollup/rollup-android-arm-eabi": {
			"version": "4.62.0",
			"resolved": "https://registry.npmjs.org/@rollup/rollup-android-arm-eabi/-/rollup-android-arm-eabi-4.62.0.tgz",
			"integrity": "sha512-IPIQ55ythEHkfEd9jMEi32OQ7SxURsGA43JI22lj01OLZNt2NUbJX8YUHxkVWyQ6daHPNn0truF5nSj3DQp6YQ==",
			"cpu": [
				"arm"
			],
			"dev": true,
			"license": "MIT",
			"optional": true,
			"os": [
				"android"
			]
		},
		"node_modules/@rollup/rollup-android-arm64": {
			"version": "4.62.0",
			"resolved": "https://registry.npmjs.org/@rollup/rollup-android-arm64/-/rollup-android-arm64-4.62.0.tgz",
			"integrity": "sha512-M6s9cr10MibETyo8JsOkq+Lo1+lU6hcvb1MApnUql5qte/5hMEgzlN8/ReIKNfRV8rrqX50W1BX9zoUhC192RA==",
			"cpu": [
				"arm64"
			],
			"dev": true,
			"license": "MIT",
			"optional": true,
			"os": [
				"android"
			]
		},
		"node_modules/@rollup/rollup-darwin-arm64": {
			"version": "4.62.0",
			"resolved": "https://registry.npmjs.org/@rollup/rollup-darwin-arm64/-/rollup-darwin-arm64-4.62.0.tgz",
			"integrity": "sha512-BqCoMoIbn0keKys+dEAdBa70EtOwV1bEsQCUgU9FdiZmmMge/Zk7LlkYGqbrdHR+Frnt0E1FOanly+rlwvvQzw==",
			"cpu": [
				"arm64"
			],
			"dev": true,
			"license": "MIT",
			"optional": true,
			"os": [
				"darwin"
			]
		},
		"node_modules/@rollup/rollup-darwin-x64": {
			"version": "4.62.0",
			"resolved": "https://registry.npmjs.org/@rollup/rollup-darwin-x64/-/rollup-darwin-x64-4.62.0.tgz",
			"integrity": "sha512-SIMzST3VFNXDAbeIWDWiFCNM5qncUBDWaEV7NfE7oZbDt2mgfW4MvbKdbYiGOLoM32gbTv608UMd0XktEYSD7w==",
			"cpu": [
				"x64"
			],
			"dev": true,
			"license": "MIT",
			"optional": true,
			"os": [
				"darwin"
			]
		},
		"node_modules/@rollup/rollup-freebsd-arm64": {
			"version": "4.62.0",
			"resolved": "https://registry.npmjs.org/@rollup/rollup-freebsd-arm64/-/rollup-freebsd-arm64-4.62.0.tgz",
			"integrity": "sha512-ezjfSQMP7ArdUsbBwbQIfwAlhE84I2iVnzQNCFSveqV42q+BmKlzVpf7mxv5EchLcoWU4y6/heFzVg1F+hodUQ==",
			"cpu": [
				"arm64"
			],
			"dev": true,
			"license": "MIT",
			"optional": true,
			"os": [
				"freebsd"
			]
		},
		"node_modules/@rollup/rollup-freebsd-x64": {
			"version": "4.62.0",
			"resolved": "https://registry.npmjs.org/@rollup/rollup-freebsd-x64/-/rollup-freebsd-x64-4.62.0.tgz",
			"integrity": "sha512-9+qTWGW9AZRhnUgwtTwzNwcPlL87ngkeN0LA+q1bADvmY9aNvWaF2TFW8BZgnQPYxpDI7+rMVLivcd4V737TAQ==",
			"cpu": [
				"x64"
			],
			"dev": true,
			"license": "MIT",
			"optional": true,
			"os": [
				"freebsd"
			]
		},
		"node_modules/@rollup/rollup-linux-arm-gnueabihf": {
			"version": "4.62.0",
			"resolved": "https://registry.npmjs.org/@rollup/rollup-linux-arm-gnueabihf/-/rollup-linux-arm-gnueabihf-4.62.0.tgz",
			"integrity": "sha512-T1dMEQhXA/jkJ/jyMIw9IovK8bSUq7A8kLIlvZTb/6YIVsp2zLavr4F3oyllHWo7eIVJRyE5n3tUjQJEbE1IuQ==",
			"cpu": [
				"arm"
			],
			"dev": true,
			"license": "MIT",
			"optional": true,
			"os": [
				"linux"
			]
		},
		"node_modules/@rollup/rollup-linux-arm-musleabihf": {
			"version": "4.62.0",
			"resolved": "https://registry.npmjs.org/@rollup/rollup-linux-arm-musleabihf/-/rollup-linux-arm-musleabihf-4.62.0.tgz",
			"integrity": "sha512-2as0LgT7qQpyceQq6VUJYnumUMUrgGQCWIiDIN9DE0/tglsk6o66uCB4f3djRawAltvfCNLyZZrsqbPA6inCsA==",
			"cpu": [
				"arm"
			],
			"dev": true,
			"license": "MIT",
			"optional": true,
			"os": [
				"linux"
			]
		},
		"node_modules/@rollup/rollup-linux-arm64-gnu": {
			"version": "4.62.0",
			"resolved": "https://registry.npmjs.org/@rollup/rollup-linux-arm64-gnu/-/rollup-linux-arm64-gnu-4.62.0.tgz",
			"integrity": "sha512-bVURMg+6eNN9C/yc0aVjooZcwTTtYF4YW3xta5pP0//r3o1V8gXEHXWCndj47w/HhwsFroZrFhR+6uQP5T0n0g==",
			"cpu": [
				"arm64"
			],
			"dev": true,
			"license": "MIT",
			"optional": true,
			"os": [
				"linux"
			]
		},
		"node_modules/@rollup/rollup-linux-arm64-musl": {
			"version": "4.62.0",
			"resolved": "https://registry.npmjs.org/@rollup/rollup-linux-arm64-musl/-/rollup-linux-arm64-musl-4.62.0.tgz",
			"integrity": "sha512-Ful8pM/2yYI83PViWdFdpZhdI8HJ5qsXANe5atypbHDf+KIBBDsZsbyy8hbXnULVvW9NsTh5DHwbcBftyLTfiw==",
			"cpu": [
				"arm64"
			],
			"dev": true,
			"license": "MIT",
			"optional": true,
			"os": [
				"linux"
			]
		},
		"node_modules/@rollup/rollup-linux-loong64-gnu": {
			"version": "4.62.0",
			"resolved": "https://registry.npmjs.org/@rollup/rollup-linux-loong64-gnu/-/rollup-linux-loong64-gnu-4.62.0.tgz",
			"integrity": "sha512-9Gp/DgrkzfUBmNPVTyPTvay+4xEP7M/clXpj3efXBcm6uTIVIgDg4rqUpqKXvLEuFRVuEpSAOkhgNeecvaZ4Cg==",
			"cpu": [
				"loong64"
			],
			"dev": true,
			"license": "MIT",
			"optional": true,
			"os": [
				"linux"
			]
		},
		"node_modules/@rollup/rollup-linux-loong64-musl": {
			"version": "4.62.0",
			"resolved": "https://registry.npmjs.org/@rollup/rollup-linux-loong64-musl/-/rollup-linux-loong64-musl-4.62.0.tgz",
			"integrity": "sha512-m9tsJz54LUXkSYM8+8PG81B9IKK5r+2T0clMq4QrS16xFosufU7firBDAZEsDheDs7wTlP7h3++S7lMsU955HA==",
			"cpu": [
				"loong64"
			],
			"dev": true,
			"license": "MIT",
			"optional": true,
			"os": [
				"linux"
			]
		},
		"node_modules/@rollup/rollup-linux-ppc64-gnu": {
			"version": "4.62.0",
			"resolved": "https://registry.npmjs.org/@rollup/rollup-linux-ppc64-gnu/-/rollup-linux-ppc64-gnu-4.62.0.tgz",
			"integrity": "sha512-3UvJ5PNVU16aJf6M3tFI24pWzAl2/ynfbyRN3ICyQajK1lSkrnVYNnLz3v04J32qKa0FczJc22zeToc0lr2A3w==",
			"cpu": [
				"ppc64"
			],
			"dev": true,
			"license": "MIT",
			"optional": true,
			"os": [
				"linux"
			]
		},
		"node_modules/@rollup/rollup-linux-ppc64-musl": {
			"version": "4.62.0",
			"resolved": "https://registry.npmjs.org/@rollup/rollup-linux-ppc64-musl/-/rollup-linux-ppc64-musl-4.62.0.tgz",
			"integrity": "sha512-vRWUAbYLGHBZS6Q8Msb2sfnf1fvJf+47t8l/TwOerM2qArzy+IeNMTHrYLHXh95h8MoatPHI5hhSZNs+mGXKPg==",
			"cpu": [
				"ppc64"
			],
			"dev": true,
			"license": "MIT",
			"optional": true,
			"os": [
				"linux"
			]
		},
		"node_modules/@rollup/rollup-linux-riscv64-gnu": {
			"version": "4.62.0",
			"resolved": "https://registry.npmjs.org/@rollup/rollup-linux-riscv64-gnu/-/rollup-linux-riscv64-gnu-4.62.0.tgz",
			"integrity": "sha512-c00T5SYENHAt86cfW47URaP3Us5vLC/4QO7GYud1G5VNRffCwwCuBspwqYrriuJB+5m0WFzClCn9wed0FBjKvg==",
			"cpu": [
				"riscv64"
			],
			"dev": true,
			"license": "MIT",
			"optional": true,
			"os": [
				"linux"
			]
		},
		"node_modules/@rollup/rollup-linux-riscv64-musl": {
			"version": "4.62.0",
			"resolved": "https://registry.npmjs.org/@rollup/rollup-linux-riscv64-musl/-/rollup-linux-riscv64-musl-4.62.0.tgz",
			"integrity": "sha512-krrCDilhXOwFkSkO3Wm9I/f9H0L92XHHwy2fwxjukxIbh0dem8gZqOW5Y8BsHrpJv5qwlRBV+Wl4ZFyRWhUpwg==",
			"cpu": [
				"riscv64"
			],
			"dev": true,
			"license": "MIT",
			"optional": true,
			"os": [
				"linux"
			]
		},
		"node_modules/@rollup/rollup-linux-s390x-gnu": {
			"version": "4.62.0",
			"resolved": "https://registry.npmjs.org/@rollup/rollup-linux-s390x-gnu/-/rollup-linux-s390x-gnu-4.62.0.tgz",
			"integrity": "sha512-7pfYFSTc4/rUC/FtAI0Qp6QthDBCIi6/AuP1xYqFk5vanI6KnL5dWKP60OM/05LOsbwTmIcvr6eXC4CJuJ75IA==",
			"cpu": [
				"s390x"
			],
			"dev": true,
			"license": "MIT",
			"optional": true,
			"os": [
				"linux"
			]
		},
		"node_modules/@rollup/rollup-linux-x64-gnu": {
			"version": "4.62.0",
			"resolved": "https://registry.npmjs.org/@rollup/rollup-linux-x64-gnu/-/rollup-linux-x64-gnu-4.62.0.tgz",
			"integrity": "sha512-7SDIalKeIpG0Ifogbbdn58HmSotYMlf23K3dCJEmiVd9Fg36Vmni82iPQec27N3wY4Bvbxftkxz6vSx9OcouTg==",
			"cpu": [
				"x64"
			],
			"dev": true,
			"license": "MIT",
			"optional": true,
			"os": [
				"linux"
			]
		},
		"node_modules/@rollup/rollup-linux-x64-musl": {
			"version": "4.62.0",
			"resolved": "https://registry.npmjs.org/@rollup/rollup-linux-x64-musl/-/rollup-linux-x64-musl-4.62.0.tgz",
			"integrity": "sha512-eRZevouTH2i1HeAVLqJuLnt256krQkGY0TN6WsTmsIhuzbh457HuWDMakKwmi0Cjadux983CoSr8Lim2QhUIFw==",
			"cpu": [
				"x64"
			],
			"dev": true,
			"license": "MIT",
			"optional": true,
			"os": [
				"linux"
			]
		},
		"node_modules/@rollup/rollup-openbsd-x64": {
			"version": "4.62.0",
			"resolved": "https://registry.npmjs.org/@rollup/rollup-openbsd-x64/-/rollup-openbsd-x64-4.62.0.tgz",
			"integrity": "sha512-3oVS7FLGa4U1qcvao9ylGxrjXZyUQqR8UwxEcnUEyPX53O/C/mKDZegNXTdHCP+h3e6ta/f1EN38Yif1mmZHYg==",
			"cpu": [
				"x64"
			],
			"dev": true,
			"license": "MIT",
			"optional": true,
			"os": [
				"openbsd"
			]
		},
		"node_modules/@rollup/rollup-openharmony-arm64": {
			"version": "4.62.0",
			"resolved": "https://registry.npmjs.org/@rollup/rollup-openharmony-arm64/-/rollup-openharmony-arm64-4.62.0.tgz",
			"integrity": "sha512-yTB9TgfWj5wHe5QgktAgXTLLot1gvEjl1NiPPAUiCs4oPrIWFl5V4nC3GrkNdj9LaAU4s94nVrGbGOCqUpyWsg==",
			"cpu": [
				"arm64"
			],
			"dev": true,
			"license": "MIT",
			"optional": true,
			"os": [
				"openharmony"
			]
		},
		"node_modules/@rollup/rollup-win32-arm64-msvc": {
			"version": "4.62.0",
			"resolved": "https://registry.npmjs.org/@rollup/rollup-win32-arm64-msvc/-/rollup-win32-arm64-msvc-4.62.0.tgz",
			"integrity": "sha512-5LOhoaesY3doG1c+ac/2JtgREpKoJr5bUHH8tKY0V8di7+uSV6BwLs2PlR0/yzefGOkR+wE7ZolZphHCsyG5Rw==",
			"cpu": [
				"arm64"
			],
			"dev": true,
			"license": "MIT",
			"optional": true,
			"os": [
				"win32"
			]
		},
		"node_modules/@rollup/rollup-win32-ia32-msvc": {
			"version": "4.62.0",
			"resolved": "https://registry.npmjs.org/@rollup/rollup-win32-ia32-msvc/-/rollup-win32-ia32-msvc-4.62.0.tgz",
			"integrity": "sha512-yYkWHhmbhRTWTnWos5HC4GcPQfjlzzCNbM9e/+GXrLuaBXYA3qSDR9f0Vgufd5S8yX81U8jPKp7ZnAjZFMtRnw==",
			"cpu": [
				"ia32"
			],
			"dev": true,
			"license": "MIT",
			"optional": true,
			"os": [
				"win32"
			]
		},
		"node_modules/@rollup/rollup-win32-x64-gnu": {
			"version": "4.62.0",
			"resolved": "https://registry.npmjs.org/@rollup/rollup-win32-x64-gnu/-/rollup-win32-x64-gnu-4.62.0.tgz",
			"integrity": "sha512-SoTb6lPg25xZlA2ibwQ++ahCCnH+FP0qmEuafMJ4gznZKOlXioKEAeJLgCrqjM98ACziXM9V1amFjICVL4IFoA==",
			"cpu": [
				"x64"
			],
			"dev": true,
			"license": "MIT",
			"optional": true,
			"os": [
				"win32"
			]
		},
		"node_modules/@rollup/rollup-win32-x64-msvc": {
			"version": "4.62.0",
			"resolved": "https://registry.npmjs.org/@rollup/rollup-win32-x64-msvc/-/rollup-win32-x64-msvc-4.62.0.tgz",
			"integrity": "sha512-5L+T1fMX4RIEBoZzT0+sQ0PhTS36NULFmMXtl1TZo44TMAROIMHbZufSOjVWt/Y622BtxgxtaNOokbTDvfsrZA==",
			"cpu": [
				"x64"
			],
			"dev": true,
			"license": "MIT",
			"optional": true,
			"os": [
				"win32"
			]
		},
		"node_modules/@socket.io/component-emitter": {
			"version": "3.1.2",
			"resolved": "https://registry.npmjs.org/@socket.io/component-emitter/-/component-emitter-3.1.2.tgz",
			"integrity": "sha512-9BCxFwvbGg/RsZK9tjXd8s4UcwR0MWeFQ1XEKIQVVvAGJyINdrqKMcTRyLoK8Rse1GjzLV9cwjWV1olXRWEXVA==",
			"license": "MIT"
		},
		"node_modules/@types/estree": {
			"version": "1.0.9",
			"resolved": "https://registry.npmjs.org/@types/estree/-/estree-1.0.9.tgz",
			"integrity": "sha512-GhdPgy1el4/ImP05X05Uw4cw2/M93BCUmnEvWZNStlCzEKME4Fkk+YpoA5OiHNQmoS7Cafb8Xa3Pya8m1Qrzeg==",
			"dev": true,
			"license": "MIT"
		},
		"node_modules/@types/node": {
			"version": "25.9.3",
			"resolved": "https://registry.npmjs.org/@types/node/-/node-25.9.3.tgz",
			"integrity": "sha512-603BddQMv3pUcr4U2dhujk83N2tTDVr/34wII2B6bJy6g+8WD6yUb11jszNs0gdi4PesVWl7ABt8nYMVpnLUcg==",
			"dev": true,
			"license": "MIT",
			"dependencies": {
				"undici-types": ">=7.24.0 <7.24.7"
			}
		},
		"node_modules/@types/resolve": {
			"version": "1.20.2",
			"resolved": "https://registry.npmjs.org/@types/resolve/-/resolve-1.20.2.tgz",
			"integrity": "sha512-60BCwRFOZCQhDncwQdxxeOEEkbc5dIMccYLwbxsS4TUNeVECQ/pBJ0j09mrHOl/JJvpRPGwO9SvE4nR2Nb/a4Q==",
			"dev": true,
			"license": "MIT"
		},
		"node_modules/commondir": {
			"version": "1.0.1",
			"resolved": "https://registry.npmjs.org/commondir/-/commondir-1.0.1.tgz",
			"integrity": "sha512-W9pAhw0ja1Edb5GVdIF1mjZw/ASI0AlShXM83UUGe2DVr5TdAPEA1OA8m/g8zWp9x6On7gqufY+FatDbC3MDQg==",
			"dev": true,
			"license": "MIT"
		},
		"node_modules/debug": {
			"version": "4.4.3",
			"resolved": "https://registry.npmjs.org/debug/-/debug-4.4.3.tgz",
			"integrity": "sha512-RGwwWnwQvkVfavKVt22FGLw+xYSdzARwm0ru6DhTVA3umU5hZc28V3kO4stgYryrTlLpuvgI9GiijltAjNbcqA==",
			"license": "MIT",
			"dependencies": {
				"ms": "^2.1.3"
			},
			"engines": {
				"node": ">=6.0"
			},
			"peerDependenciesMeta": {
				"supports-color": {
					"optional": true
				}
			}
		},
		"node_modules/deepmerge": {
			"version": "4.3.1",
			"resolved": "https://registry.npmjs.org/deepmerge/-/deepmerge-4.3.1.tgz",
			"integrity": "sha512-3sUqbMEc77XqpdNO7FRyRog+eW3ph+GYCbj+rK+uYyRMuwsVy0rMiVtPn+QJlKFvWP/1PYpapqYn0Me2knFn+A==",
			"dev": true,
			"license": "MIT",
			"engines": {
				"node": ">=0.10.0"
			}
		},
		"node_modules/engine.io-client": {
			"version": "6.6.6",
			"resolved": "https://registry.npmjs.org/engine.io-client/-/engine.io-client-6.6.6.tgz",
			"integrity": "sha512-iY6QdftLQ9pyiPoX082bpf/u1UewnOaJrtJIF9T0++QB34lZrj0uP+Q/bj8AlUsAxqhnkTV2BS8SBZSxOmoV5Q==",
			"license": "MIT",
			"dependencies": {
				"@socket.io/component-emitter": "~3.1.0",
				"debug": "~4.4.1",
				"engine.io-parser": "~5.2.1",
				"ws": "~8.21.0",
				"xmlhttprequest-ssl": "~2.1.1"
			}
		},
		"node_modules/engine.io-parser": {
			"version": "5.2.3",
			"resolved": "https://registry.npmjs.org/engine.io-parser/-/engine.io-parser-5.2.3.tgz",
			"integrity": "sha512-HqD3yTBfnBxIrbnM1DoD6Pcq8NECnh8d4As1Qgh0z5Gg3jRRIqijury0CL3ghu/edArpUYiYqQiDUQBIs4np3Q==",
			"license": "MIT",
			"engines": {
				"node": ">=10.0.0"
			}
		},
		"node_modules/es-errors": {
			"version": "1.3.0",
			"resolved": "https://registry.npmjs.org/es-errors/-/es-errors-1.3.0.tgz",
			"integrity": "sha512-Zf5H2Kxt2xjTvbJvP2ZWLEICxA6j+hAmMzIlypy4xcBg1vKVnx89Wy0GbS+kf5cwCVFFzdCFh2XSCFNULS6csw==",
			"dev": true,
			"license": "MIT",
			"engines": {
				"node": ">= 0.4"
			}
		},
		"node_modules/estree-walker": {
			"version": "2.0.2",
			"resolved": "https://registry.npmjs.org/estree-walker/-/estree-walker-2.0.2.tgz",
			"integrity": "sha512-Rfkk/Mp/DL7JVje3u18FxFujQlTNR2q6QfMSMB7AvCBx91NGj/ba3kCfza0f6dVDbw7YlRf/nDrn7pQrCCyQ/w==",
			"dev": true,
			"license": "MIT"
		},
		"node_modules/fdir": {
			"version": "6.5.0",
			"resolved": "https://registry.npmjs.org/fdir/-/fdir-6.5.0.tgz",
			"integrity": "sha512-tIbYtZbucOs0BRGqPJkshJUYdL+SDH7dVM8gjy+ERp3WAUjLEFJE+02kanyHtwjWOnwrKYBiwAmM0p4kLJAnXg==",
			"dev": true,
			"license": "MIT",
			"engines": {
				"node": ">=12.0.0"
			},
			"peerDependencies": {
				"picomatch": "^3 || ^4"
			},
			"peerDependenciesMeta": {
				"picomatch": {
					"optional": true
				}
			}
		},
		"node_modules/fsevents": {
			"version": "2.3.3",
			"resolved": "https://registry.npmjs.org/fsevents/-/fsevents-2.3.3.tgz",
			"integrity": "sha512-5xoDfX+fL7faATnagmWPpbFtwh/R77WmMMqqHGS65C3vvB0YHrgF+B1YmZ3441tMj5n63k0212XNoJwzlhffQw==",
			"dev": true,
			"hasInstallScript": true,
			"license": "MIT",
			"optional": true,
			"os": [
				"darwin"
			],
			"engines": {
				"node": "^8.16.0 || ^10.6.0 || >=11.0.0"
			}
		},
		"node_modules/function-bind": {
			"version": "1.1.2",
			"resolved": "https://registry.npmjs.org/function-bind/-/function-bind-1.1.2.tgz",
			"integrity": "sha512-7XHNxH7qX9xG5mIwxkhumTox/MIRNcOgDrxWsMt2pAr23WHp6MrRlN7FBSFpCpr+oVO0F744iUgR82nJMfG2SA==",
			"dev": true,
			"license": "MIT",
			"funding": {
				"url": "https://github.com/sponsors/ljharb"
			}
		},
		"node_modules/hasown": {
			"version": "2.0.4",
			"resolved": "https://registry.npmjs.org/hasown/-/hasown-2.0.4.tgz",
			"integrity": "sha512-T2UbfbBEF32wiepXIsMlTW9+dDYC6wMh/t/vYA4tuOMKqWz/n3vr1NFSxQiyP+zk2mXsoMA/i/7qV6LKut1t1A==",
			"dev": true,
			"license": "MIT",
			"dependencies": {
				"function-bind": "^1.1.2"
			},
			"engines": {
				"node": ">= 0.4"
			}
		},
		"node_modules/is-core-module": {
			"version": "2.16.2",
			"resolved": "https://registry.npmjs.org/is-core-module/-/is-core-module-2.16.2.tgz",
			"integrity": "sha512-evOr8xfXKxE6qSR0hSXL2r3sd7ALj8+7jQEUvPYcm5sgZFdJ+AYzT6yNmJenvIYQBgIGwfwz08sL8zoL7yq2BA==",
			"dev": true,
			"license": "MIT",
			"dependencies": {
				"hasown": "^2.0.3"
			},
			"engines": {
				"node": ">= 0.4"
			},
			"funding": {
				"url": "https://github.com/sponsors/ljharb"
			}
		},
		"node_modules/is-module": {
			"version": "1.0.0",
			"resolved": "https://registry.npmjs.org/is-module/-/is-module-1.0.0.tgz",
			"integrity": "sha512-51ypPSPCoTEIN9dy5Oy+h4pShgJmPCygKfyRCISBI+JoWT/2oJvK8QPxmwv7b/p239jXrm9M1mlQbyKJ5A152g==",
			"dev": true,
			"license": "MIT"
		},
		"node_modules/is-reference": {
			"version": "1.2.1",
			"resolved": "https://registry.npmjs.org/is-reference/-/is-reference-1.2.1.tgz",
			"integrity": "sha512-U82MsXXiFIrjCK4otLT+o2NA2Cd2g5MLoOVXUZjIOhLurrRxpEXzI8O0KZHr3IjLvlAH1kTPYSuqer5T9ZVBKQ==",
			"dev": true,
			"license": "MIT",
			"dependencies": {
				"@types/estree": "*"
			}
		},
		"node_modules/magic-string": {
			"version": "0.30.21",
			"resolved": "https://registry.npmjs.org/magic-string/-/magic-string-0.30.21.tgz",
			"integrity": "sha512-vd2F4YUyEXKGcLHoq+TEyCjxueSeHnFxyyjNp80yg0XV4vUhnDer/lvvlqM/arB5bXQN5K2/3oinyCRyx8T2CQ==",
			"dev": true,
			"license": "MIT",
			"dependencies": {
				"@jridgewell/sourcemap-codec": "^1.5.5"
			}
		},
		"node_modules/ms": {
			"version": "2.1.3",
			"resolved": "https://registry.npmjs.org/ms/-/ms-2.1.3.tgz",
			"integrity": "sha512-6FlzubTLZG3J2a/NVCAleEhjzq5oxgHyaCU9yYXvcLsvoVaHJq/s5xXI6/XXP6tz7R9xAOtHnSO/tXtF3WRTlA==",
			"license": "MIT"
		},
		"node_modules/path-parse": {
			"version": "1.0.7",
			"resolved": "https://registry.npmjs.org/path-parse/-/path-parse-1.0.7.tgz",
			"integrity": "sha512-LDJzPVEEEPR+y48z93A0Ed0yXb8pAByGWo/k5YYdYgpY2/2EsOsksJrq7lOHxryrVOn1ejG6oAp8ahvOIQD8sw==",
			"dev": true,
			"license": "MIT"
		},
		"node_modules/picomatch": {
			"version": "4.0.4",
			"resolved": "https://registry.npmjs.org/picomatch/-/picomatch-4.0.4.tgz",
			"integrity": "sha512-QP88BAKvMam/3NxH6vj2o21R6MjxZUAd6nlwAS/pnGvN9IVLocLHxGYIzFhg6fUQ+5th6P4dv4eW9jX3DSIj7A==",
			"dev": true,
			"license": "MIT",
			"engines": {
				"node": ">=12"
			},
			"funding": {
				"url": "https://github.com/sponsors/jonschlinkert"
			}
		},
		"node_modules/resolve": {
			"version": "1.22.12",
			"resolved": "https://registry.npmjs.org/resolve/-/resolve-1.22.12.tgz",
			"integrity": "sha512-TyeJ1zif53BPfHootBGwPRYT1RUt6oGWsaQr8UyZW/eAm9bKoijtvruSDEmZHm92CwS9nj7/fWttqPCgzep8CA==",
			"dev": true,
			"license": "MIT",
			"dependencies": {
				"es-errors": "^1.3.0",
				"is-core-module": "^2.16.1",
				"path-parse": "^1.0.7",
				"supports-preserve-symlinks-flag": "^1.0.0"
			},
			"bin": {
				"resolve": "bin/resolve"
			},
			"engines": {
				"node": ">= 0.4"
			},
			"funding": {
				"url": "https://github.com/sponsors/ljharb"
			}
		},
		"node_modules/rollup": {
			"version": "4.62.0",
			"resolved": "https://registry.npmjs.org/rollup/-/rollup-4.62.0.tgz",
			"integrity": "sha512-nc72Wgq62I7rtDV4izT5/aaS0zxy3kttkinf9586ApknY3jZO9NYsmtc24fUckA0X7Q2v+ML4a15pdUlV5V/jA==",
			"dev": true,
			"license": "MIT",
			"dependencies": {
				"@types/estree": "1.0.9"
			},
			"bin": {
				"rollup": "dist/bin/rollup"
			},
			"engines": {
				"node": ">=18.0.0",
				"npm": ">=8.0.0"
			},
			"optionalDependencies": {
				"@rollup/rollup-android-arm-eabi": "4.62.0",
				"@rollup/rollup-android-arm64": "4.62.0",
				"@rollup/rollup-darwin-arm64": "4.62.0",
				"@rollup/rollup-darwin-x64": "4.62.0",
				"@rollup/rollup-freebsd-arm64": "4.62.0",
				"@rollup/rollup-freebsd-x64": "4.62.0",
				"@rollup/rollup-linux-arm-gnueabihf": "4.62.0",
				"@rollup/rollup-linux-arm-musleabihf": "4.62.0",
				"@rollup/rollup-linux-arm64-gnu": "4.62.0",
				"@rollup/rollup-linux-arm64-musl": "4.62.0",
				"@rollup/rollup-linux-loong64-gnu": "4.62.0",
				"@rollup/rollup-linux-loong64-musl": "4.62.0",
				"@rollup/rollup-linux-ppc64-gnu": "4.62.0",
				"@rollup/rollup-linux-ppc64-musl": "4.62.0",
				"@rollup/rollup-linux-riscv64-gnu": "4.62.0",
				"@rollup/rollup-linux-riscv64-musl": "4.62.0",
				"@rollup/rollup-linux-s390x-gnu": "4.62.0",
				"@rollup/rollup-linux-x64-gnu": "4.62.0",
				"@rollup/rollup-linux-x64-musl": "4.62.0",
				"@rollup/rollup-openbsd-x64": "4.62.0",
				"@rollup/rollup-openharmony-arm64": "4.62.0",
				"@rollup/rollup-win32-arm64-msvc": "4.62.0",
				"@rollup/rollup-win32-ia32-msvc": "4.62.0",
				"@rollup/rollup-win32-x64-gnu": "4.62.0",
				"@rollup/rollup-win32-x64-msvc": "4.62.0",
				"fsevents": "~2.3.2"
			}
		},
		"node_modules/socket.io-client": {
			"version": "4.8.3",
			"resolved": "https://registry.npmjs.org/socket.io-client/-/socket.io-client-4.8.3.tgz",
			"integrity": "sha512-uP0bpjWrjQmUt5DTHq9RuoCBdFJF10cdX9X+a368j/Ft0wmaVgxlrjvK3kjvgCODOMMOz9lcaRzxmso0bTWZ/g==",
			"license": "MIT",
			"dependencies": {
				"@socket.io/component-emitter": "~3.1.0",
				"debug": "~4.4.1",
				"engine.io-client": "~6.6.1",
				"socket.io-parser": "~4.2.4"
			},
			"engines": {
				"node": ">=10.0.0"
			}
		},
		"node_modules/socket.io-parser": {
			"version": "4.2.6",
			"resolved": "https://registry.npmjs.org/socket.io-parser/-/socket.io-parser-4.2.6.tgz",
			"integrity": "sha512-asJqbVBDsBCJx0pTqw3WfesSY0iRX+2xzWEWzrpcH7L6fLzrhyF8WPI8UaeM4YCuDfpwA/cgsdugMsmtz8EJeg==",
			"license": "MIT",
			"dependencies": {
				"@socket.io/component-emitter": "~3.1.0",
				"debug": "~4.4.1"
			},
			"engines": {
				"node": ">=10.0.0"
			}
		},
		"node_modules/supports-preserve-symlinks-flag": {
			"version": "1.0.0",
			"resolved": "https://registry.npmjs.org/supports-preserve-symlinks-flag/-/supports-preserve-symlinks-flag-1.0.0.tgz",
			"integrity": "sha512-ot0WnXS9fgdkgIcePe6RHNk1WA8+muPa6cSjeR3V8K27q9BB1rTE3R1p7Hv0z1ZyAc8s6Vvv8DIyWf681MAt0w==",
			"dev": true,
			"license": "MIT",
			"engines": {
				"node": ">= 0.4"
			},
			"funding": {
				"url": "https://github.com/sponsors/ljharb"
			}
		},
		"node_modules/tslib": {
			"version": "2.8.1",
			"resolved": "https://registry.npmjs.org/tslib/-/tslib-2.8.1.tgz",
			"integrity": "sha512-oJFu94HQb+KVduSUQL7wnpmqnfmLsOA/nAh6b6EH0wCEoK0/mPeXU6c3wKDV83MkOuHPRHtSXKKU99IBazS/2w==",
			"dev": true,
			"license": "0BSD"
		},
		"node_modules/typescript": {
			"version": "6.0.3",
			"resolved": "https://registry.npmjs.org/typescript/-/typescript-6.0.3.tgz",
			"integrity": "sha512-y2TvuxSZPDyQakkFRPZHKFm+KKVqIisdg9/CZwm9ftvKXLP8NRWj38/ODjNbr43SsoXqNuAisEf1GdCxqWcdBw==",
			"dev": true,
			"license": "Apache-2.0",
			"bin": {
				"tsc": "bin/tsc",
				"tsserver": "bin/tsserver"
			},
			"engines": {
				"node": ">=14.17"
			}
		},
		"node_modules/undici-types": {
			"version": "7.24.6",
			"resolved": "https://registry.npmjs.org/undici-types/-/undici-types-7.24.6.tgz",
			"integrity": "sha512-WRNW+sJgj5OBN4/0JpHFqtqzhpbnV0GuB+OozA9gCL7a993SmU+1JBZCzLNxYsbMfIeDL+lTsphD5jN5N+n0zg==",
			"dev": true,
			"license": "MIT"
		},
		"node_modules/ws": {
			"version": "8.21.0",
			"resolved": "https://registry.npmjs.org/ws/-/ws-8.21.0.tgz",
			"integrity": "sha512-Vsp28b7DRcimFQvrqu2Wek3z1iYxDCWqHYB8Qsnk/S4RfaCQzPGPyBNuVjJV3cd6UiKtUtp6sNM77gWvzcCH+g==",
			"license": "MIT",
			"engines": {
				"node": ">=10.0.0"
			},
			"peerDependencies": {
				"bufferutil": "^4.0.1",
				"utf-8-validate": ">=5.0.2"
			},
			"peerDependenciesMeta": {
				"bufferutil": {
					"optional": true
				},
				"utf-8-validate": {
					"optional": true
				}
			}
		},
		"node_modules/xmlhttprequest-ssl": {
			"version": "2.1.2",
			"resolved": "https://registry.npmjs.org/xmlhttprequest-ssl/-/xmlhttprequest-ssl-2.1.2.tgz",
			"integrity": "sha512-TEU+nJVUUnA4CYJFLvK5X9AOeH4KvDvhIfm0vV1GaQRtchnG0hgK5p8hw/xjv8cunWYCsiPCSDzObPyhEwq3KQ==",
			"engines": {
				"node": ">=0.4.0"
			}
		},
		"node_modules/zod": {
			"version": "3.25.76",
			"resolved": "https://registry.npmjs.org/zod/-/zod-3.25.76.tgz",
			"integrity": "sha512-gzUt/qt81nXsFGKIFcC3YnfEAx5NkunCfnDlvuBSSFS02bcXu4Lmea0AFIUwbLWxWPx3d9p8S5QoaujKcNQxcQ==",
			"license": "MIT",
			"funding": {
				"url": "https://github.com/sponsors/colinhacks"
			}
		}
	}
}
